// !$*UTF8*$!
{
	archiveVersion = 1;
	classes = {
	};
	objectVersion = 46;
	objects = {

/* Begin PBXBuildFile section */
		0180212B1F85B0D600DBA404 /* ProfileViewController.swift in Sources */ = {isa = PBXBuildFile; fileRef = 0180212A1F85B0D600DBA404 /* ProfileViewController.swift */; };
		06C2E9E01F87EB8D003D0ADF /* ProfileHeaderView.xib in Resources */ = {isa = PBXBuildFile; fileRef = 06C2E9DF1F87EB8D003D0ADF /* ProfileHeaderView.xib */; };
		06C2E9E21F87EC05003D0ADF /* ProfileHeaderView.swift in Sources */ = {isa = PBXBuildFile; fileRef = 06C2E9E11F87EC05003D0ADF /* ProfileHeaderView.swift */; };
		06C2E9E41F89EF38003D0ADF /* TweetTableViewCell.xib in Resources */ = {isa = PBXBuildFile; fileRef = 06C2E9E31F89EF38003D0ADF /* TweetTableViewCell.xib */; };
		06C2E9E61F8A0C93003D0ADF /* AccountsViewController.swift in Sources */ = {isa = PBXBuildFile; fileRef = 06C2E9E51F8A0C93003D0ADF /* AccountsViewController.swift */; };
		06C7C55C1F848AB3004398A3 /* AppDelegate.swift in Sources */ = {isa = PBXBuildFile; fileRef = 06C7C55B1F848AB3004398A3 /* AppDelegate.swift */; };
		06C7C55E1F848AB3004398A3 /* ViewController.swift in Sources */ = {isa = PBXBuildFile; fileRef = 06C7C55D1F848AB3004398A3 /* ViewController.swift */; };
		06C7C5611F848AB3004398A3 /* Main.storyboard in Resources */ = {isa = PBXBuildFile; fileRef = 06C7C55F1F848AB3004398A3 /* Main.storyboard */; };
		06C7C5631F848AB3004398A3 /* Assets.xcassets in Resources */ = {isa = PBXBuildFile; fileRef = 06C7C5621F848AB3004398A3 /* Assets.xcassets */; };
		06C7C5661F848AB3004398A3 /* LaunchScreen.storyboard in Resources */ = {isa = PBXBuildFile; fileRef = 06C7C5641F848AB3004398A3 /* LaunchScreen.storyboard */; };
		06C7C5811F853ADB004398A3 /* InfiniteScrollActivityView.swift in Sources */ = {isa = PBXBuildFile; fileRef = 06C7C57F1F853ADB004398A3 /* InfiniteScrollActivityView.swift */; };
		06C7C5821F853ADB004398A3 /* TweetTableViewCell.swift in Sources */ = {isa = PBXBuildFile; fileRef = 06C7C5801F853ADB004398A3 /* TweetTableViewCell.swift */; };
		06C7C5881F853AEE004398A3 /* ComposeViewController.swift in Sources */ = {isa = PBXBuildFile; fileRef = 06C7C5831F853AEE004398A3 /* ComposeViewController.swift */; };
		06C7C5891F853AEE004398A3 /* DetailViewController.swift in Sources */ = {isa = PBXBuildFile; fileRef = 06C7C5841F853AEE004398A3 /* DetailViewController.swift */; };
		06C7C58A1F853AEE004398A3 /* LoginViewController.swift in Sources */ = {isa = PBXBuildFile; fileRef = 06C7C5851F853AEE004398A3 /* LoginViewController.swift */; };
		06C7C58B1F853AEE004398A3 /* MainViewController.swift in Sources */ = {isa = PBXBuildFile; fileRef = 06C7C5861F853AEE004398A3 /* MainViewController.swift */; };
		06C7C58C1F853AEE004398A3 /* MeViewController.swift in Sources */ = {isa = PBXBuildFile; fileRef = 06C7C5871F853AEE004398A3 /* MeViewController.swift */; };
		06C7C5901F853B02004398A3 /* Status.swift in Sources */ = {isa = PBXBuildFile; fileRef = 06C7C58D1F853B02004398A3 /* Status.swift */; };
		06C7C5911F853B02004398A3 /* Tweet.swift in Sources */ = {isa = PBXBuildFile; fileRef = 06C7C58E1F853B02004398A3 /* Tweet.swift */; };
		06C7C5921F853B02004398A3 /* User.swift in Sources */ = {isa = PBXBuildFile; fileRef = 06C7C58F1F853B02004398A3 /* User.swift */; };
		06C7C5951F853B34004398A3 /* TwitterClient.swift in Sources */ = {isa = PBXBuildFile; fileRef = 06C7C5941F853B34004398A3 /* TwitterClient.swift */; };
		06C7C5971F854433004398A3 /* HamburgerViewController.swift in Sources */ = {isa = PBXBuildFile; fileRef = 06C7C5961F854433004398A3 /* HamburgerViewController.swift */; };
		06C7C5991F854452004398A3 /* MenuViewController.swift in Sources */ = {isa = PBXBuildFile; fileRef = 06C7C5981F854452004398A3 /* MenuViewController.swift */; };
		E2D3C7C0E362D4D3AF68EFB0 /* Pods_TwitterRedux.framework in Frameworks */ = {isa = PBXBuildFile; fileRef = B57E7489A5ABF07CF03682FD /* Pods_TwitterRedux.framework */; };
/* End PBXBuildFile section */

/* Begin PBXFileReference section */
		0180212A1F85B0D600DBA404 /* ProfileViewController.swift */ = {isa = PBXFileReference; fileEncoding = 4; lastKnownFileType = sourcecode.swift; path = ProfileViewController.swift; sourceTree = "<group>"; };
		06C2E9DE1F868FA2003D0ADF /* TwitterRedux.entitlements */ = {isa = PBXFileReference; lastKnownFileType = text.plist.entitlements; path = TwitterRedux.entitlements; sourceTree = "<group>"; };
		06C2E9DF1F87EB8D003D0ADF /* ProfileHeaderView.xib */ = {isa = PBXFileReference; fileEncoding = 4; lastKnownFileType = file.xib; path = ProfileHeaderView.xib; sourceTree = "<group>"; };
		06C2E9E11F87EC05003D0ADF /* ProfileHeaderView.swift */ = {isa = PBXFileReference; fileEncoding = 4; lastKnownFileType = sourcecode.swift; path = ProfileHeaderView.swift; sourceTree = "<group>"; };
		06C2E9E31F89EF38003D0ADF /* TweetTableViewCell.xib */ = {isa = PBXFileReference; fileEncoding = 4; lastKnownFileType = file.xib; path = TweetTableViewCell.xib; sourceTree = "<group>"; };
		06C2E9E51F8A0C93003D0ADF /* AccountsViewController.swift */ = {isa = PBXFileReference; fileEncoding = 4; lastKnownFileType = sourcecode.swift; path = AccountsViewController.swift; sourceTree = "<group>"; };
		06C7C5581F848AB3004398A3 /* TwitterRedux.app */ = {isa = PBXFileReference; explicitFileType = wrapper.application; includeInIndex = 0; path = TwitterRedux.app; sourceTree = BUILT_PRODUCTS_DIR; };
		06C7C55B1F848AB3004398A3 /* AppDelegate.swift */ = {isa = PBXFileReference; lastKnownFileType = sourcecode.swift; path = AppDelegate.swift; sourceTree = "<group>"; };
		06C7C55D1F848AB3004398A3 /* ViewController.swift */ = {isa = PBXFileReference; lastKnownFileType = sourcecode.swift; path = ViewController.swift; sourceTree = "<group>"; };
		06C7C5601F848AB3004398A3 /* Base */ = {isa = PBXFileReference; lastKnownFileType = file.storyboard; name = Base; path = Base.lproj/Main.storyboard; sourceTree = "<group>"; };
		06C7C5621F848AB3004398A3 /* Assets.xcassets */ = {isa = PBXFileReference; lastKnownFileType = folder.assetcatalog; path = Assets.xcassets; sourceTree = "<group>"; };
		06C7C5651F848AB3004398A3 /* Base */ = {isa = PBXFileReference; lastKnownFileType = file.storyboard; name = Base; path = Base.lproj/LaunchScreen.storyboard; sourceTree = "<group>"; };
		06C7C5671F848AB3004398A3 /* Info.plist */ = {isa = PBXFileReference; lastKnownFileType = text.plist.xml; path = Info.plist; sourceTree = "<group>"; };
		06C7C57F1F853ADB004398A3 /* InfiniteScrollActivityView.swift */ = {isa = PBXFileReference; fileEncoding = 4; lastKnownFileType = sourcecode.swift; path = InfiniteScrollActivityView.swift; sourceTree = "<group>"; };
		06C7C5801F853ADB004398A3 /* TweetTableViewCell.swift */ = {isa = PBXFileReference; fileEncoding = 4; lastKnownFileType = sourcecode.swift; path = TweetTableViewCell.swift; sourceTree = "<group>"; };
		06C7C5831F853AEE004398A3 /* ComposeViewController.swift */ = {isa = PBXFileReference; fileEncoding = 4; lastKnownFileType = sourcecode.swift; path = ComposeViewController.swift; sourceTree = "<group>"; };
		06C7C5841F853AEE004398A3 /* DetailViewController.swift */ = {isa = PBXFileReference; fileEncoding = 4; lastKnownFileType = sourcecode.swift; path = DetailViewController.swift; sourceTree = "<group>"; };
		06C7C5851F853AEE004398A3 /* LoginViewController.swift */ = {isa = PBXFileReference; fileEncoding = 4; lastKnownFileType = sourcecode.swift; path = LoginViewController.swift; sourceTree = "<group>"; };
		06C7C5861F853AEE004398A3 /* MainViewController.swift */ = {isa = PBXFileReference; fileEncoding = 4; lastKnownFileType = sourcecode.swift; path = MainViewController.swift; sourceTree = "<group>"; };
		06C7C5871F853AEE004398A3 /* MeViewController.swift */ = {isa = PBXFileReference; fileEncoding = 4; lastKnownFileType = sourcecode.swift; path = MeViewController.swift; sourceTree = "<group>"; };
		06C7C58D1F853B02004398A3 /* Status.swift */ = {isa = PBXFileReference; fileEncoding = 4; lastKnownFileType = sourcecode.swift; path = Status.swift; sourceTree = "<group>"; };
		06C7C58E1F853B02004398A3 /* Tweet.swift */ = {isa = PBXFileReference; fileEncoding = 4; lastKnownFileType = sourcecode.swift; path = Tweet.swift; sourceTree = "<group>"; };
		06C7C58F1F853B02004398A3 /* User.swift */ = {isa = PBXFileReference; fileEncoding = 4; lastKnownFileType = sourcecode.swift; path = User.swift; sourceTree = "<group>"; };
		06C7C5941F853B34004398A3 /* TwitterClient.swift */ = {isa = PBXFileReference; fileEncoding = 4; lastKnownFileType = sourcecode.swift; path = TwitterClient.swift; sourceTree = "<group>"; };
		06C7C5961F854433004398A3 /* HamburgerViewController.swift */ = {isa = PBXFileReference; fileEncoding = 4; lastKnownFileType = sourcecode.swift; path = HamburgerViewController.swift; sourceTree = "<group>"; };
		06C7C5981F854452004398A3 /* MenuViewController.swift */ = {isa = PBXFileReference; fileEncoding = 4; lastKnownFileType = sourcecode.swift; path = MenuViewController.swift; sourceTree = "<group>"; };
		2C1D515D89EC5206812288CB /* Pods-TwitterRedux.release.xcconfig */ = {isa = PBXFileReference; includeInIndex = 1; lastKnownFileType = text.xcconfig; name = "Pods-TwitterRedux.release.xcconfig"; path = "Pods/Target Support Files/Pods-TwitterRedux/Pods-TwitterRedux.release.xcconfig"; sourceTree = "<group>"; };
		B57E7489A5ABF07CF03682FD /* Pods_TwitterRedux.framework */ = {isa = PBXFileReference; explicitFileType = wrapper.framework; includeInIndex = 0; path = Pods_TwitterRedux.framework; sourceTree = BUILT_PRODUCTS_DIR; };
		EF20D9E22E9654C0D5CF1F6C /* Pods-TwitterRedux.debug.xcconfig */ = {isa = PBXFileReference; includeInIndex = 1; lastKnownFileType = text.xcconfig; name = "Pods-TwitterRedux.debug.xcconfig"; path = "Pods/Target Support Files/Pods-TwitterRedux/Pods-TwitterRedux.debug.xcconfig"; sourceTree = "<group>"; };
/* End PBXFileReference section */

/* Begin PBXFrameworksBuildPhase section */
		06C7C5551F848AB3004398A3 /* Frameworks */ = {
			isa = PBXFrameworksBuildPhase;
			buildActionMask = 2147483647;
			files = (
				E2D3C7C0E362D4D3AF68EFB0 /* Pods_TwitterRedux.framework in Frameworks */,
			);
			runOnlyForDeploymentPostprocessing = 0;
		};
/* End PBXFrameworksBuildPhase section */

/* Begin PBXGroup section */
		06C7C54F1F848AB3004398A3 = {
			isa = PBXGroup;
			children = (
				06C7C55A1F848AB3004398A3 /* TwitterRedux */,
				06C7C5591F848AB3004398A3 /* Products */,
				6204CCA8F0C4A7623120B1A0 /* Pods */,
				34C7A8B185C2C53B88F6EDD2 /* Frameworks */,
			);
			sourceTree = "<group>";
		};
		06C7C5591F848AB3004398A3 /* Products */ = {
			isa = PBXGroup;
			children = (
				06C7C5581F848AB3004398A3 /* TwitterRedux.app */,
			);
			name = Products;
			sourceTree = "<group>";
		};
		06C7C55A1F848AB3004398A3 /* TwitterRedux */ = {
			isa = PBXGroup;
			children = (
				06C2E9DE1F868FA2003D0ADF /* TwitterRedux.entitlements */,
				06C7C57D1F853A58004398A3 /* Controllers */,
				06C7C57B1F849234004398A3 /* Models */,
				06C7C5931F853B0A004398A3 /* Network */,
				06C7C57E1F853A62004398A3 /* Views */,
				06C7C55B1F848AB3004398A3 /* AppDelegate.swift */,
				06C7C55D1F848AB3004398A3 /* ViewController.swift */,
				06C7C55F1F848AB3004398A3 /* Main.storyboard */,
				06C7C5621F848AB3004398A3 /* Assets.xcassets */,
				06C7C5641F848AB3004398A3 /* LaunchScreen.storyboard */,
				06C7C5671F848AB3004398A3 /* Info.plist */,
			);
			path = TwitterRedux;
			sourceTree = "<group>";
		};
		06C7C57B1F849234004398A3 /* Models */ = {
			isa = PBXGroup;
			children = (
				06C7C58D1F853B02004398A3 /* Status.swift */,
				06C7C58E1F853B02004398A3 /* Tweet.swift */,
				06C7C58F1F853B02004398A3 /* User.swift */,
			);
			name = Models;
			sourceTree = "<group>";
		};
		06C7C57D1F853A58004398A3 /* Controllers */ = {
			isa = PBXGroup;
			children = (
				06C7C5831F853AEE004398A3 /* ComposeViewController.swift */,
				06C7C5841F853AEE004398A3 /* DetailViewController.swift */,
				06C7C5851F853AEE004398A3 /* LoginViewController.swift */,
				06C7C5861F853AEE004398A3 /* MainViewController.swift */,
				06C7C5871F853AEE004398A3 /* MeViewController.swift */,
				06C7C5961F854433004398A3 /* HamburgerViewController.swift */,
				06C7C5981F854452004398A3 /* MenuViewController.swift */,
				0180212A1F85B0D600DBA404 /* ProfileViewController.swift */,
				06C2E9E51F8A0C93003D0ADF /* AccountsViewController.swift */,
			);
			name = Controllers;
			sourceTree = "<group>";
		};
		06C7C57E1F853A62004398A3 /* Views */ = {
			isa = PBXGroup;
			children = (
				06C7C57F1F853ADB004398A3 /* InfiniteScrollActivityView.swift */,
				06C7C5801F853ADB004398A3 /* TweetTableViewCell.swift */,
				06C2E9E31F89EF38003D0ADF /* TweetTableViewCell.xib */,
				06C2E9DF1F87EB8D003D0ADF /* ProfileHeaderView.xib */,
				06C2E9E11F87EC05003D0ADF /* ProfileHeaderView.swift */,
			);
			name = Views;
			sourceTree = "<group>";
		};
		06C7C5931F853B0A004398A3 /* Network */ = {
			isa = PBXGroup;
			children = (
				06C7C5941F853B34004398A3 /* TwitterClient.swift */,
			);
			name = Network;
			sourceTree = "<group>";
		};
		34C7A8B185C2C53B88F6EDD2 /* Frameworks */ = {
			isa = PBXGroup;
			children = (
				B57E7489A5ABF07CF03682FD /* Pods_TwitterRedux.framework */,
			);
			name = Frameworks;
			sourceTree = "<group>";
		};
		6204CCA8F0C4A7623120B1A0 /* Pods */ = {
			isa = PBXGroup;
			children = (
				EF20D9E22E9654C0D5CF1F6C /* Pods-TwitterRedux.debug.xcconfig */,
				2C1D515D89EC5206812288CB /* Pods-TwitterRedux.release.xcconfig */,
			);
			name = Pods;
			sourceTree = "<group>";
		};
/* End PBXGroup section */

/* Begin PBXNativeTarget section */
		06C7C5571F848AB3004398A3 /* TwitterRedux */ = {
			isa = PBXNativeTarget;
			buildConfigurationList = 06C7C56A1F848AB3004398A3 /* Build configuration list for PBXNativeTarget "TwitterRedux" */;
			buildPhases = (
				8C50E03609AF03EACA953E95 /* [CP] Check Pods Manifest.lock */,
				06C7C5541F848AB3004398A3 /* Sources */,
				06C7C5551F848AB3004398A3 /* Frameworks */,
				06C7C5561F848AB3004398A3 /* Resources */,
				53E54D7DE4A0BFD5E10E0F82 /* [CP] Embed Pods Frameworks */,
				AEB7FB7E0865A3D45199766B /* [CP] Copy Pods Resources */,
			);
			buildRules = (
			);
			dependencies = (
			);
			name = TwitterRedux;
			productName = TwitterRedux;
			productReference = 06C7C5581F848AB3004398A3 /* TwitterRedux.app */;
			productType = "com.apple.product-type.application";
		};
/* End PBXNativeTarget section */

/* Begin PBXProject section */
		06C7C5501F848AB3004398A3 /* Project object */ = {
			isa = PBXProject;
			attributes = {
				LastSwiftUpdateCheck = 0800;
				LastUpgradeCheck = 0800;
				ORGANIZATIONNAME = "Kavita Gaitonde";
				TargetAttributes = {
					06C7C5571F848AB3004398A3 = {
						CreatedOnToolsVersion = 8.0;
						DevelopmentTeam = 532N9BEN6E;
						ProvisioningStyle = Automatic;
						SystemCapabilities = {
							com.apple.Keychain = {
								enabled = 1;
							};
						};
					};
				};
			};
			buildConfigurationList = 06C7C5531F848AB3004398A3 /* Build configuration list for PBXProject "TwitterRedux" */;
			compatibilityVersion = "Xcode 3.2";
			developmentRegion = English;
			hasScannedForEncodings = 0;
			knownRegions = (
				en,
				Base,
			);
			mainGroup = 06C7C54F1F848AB3004398A3;
			productRefGroup = 06C7C5591F848AB3004398A3 /* Products */;
			projectDirPath = "";
			projectRoot = "";
			targets = (
				06C7C5571F848AB3004398A3 /* TwitterRedux */,
			);
		};
/* End PBXProject section */

/* Begin PBXResourcesBuildPhase section */
		06C7C5561F848AB3004398A3 /* Resources */ = {
			isa = PBXResourcesBuildPhase;
			buildActionMask = 2147483647;
			files = (
				06C2E9E41F89EF38003D0ADF /* TweetTableViewCell.xib in Resources */,
				06C7C5661F848AB3004398A3 /* LaunchScreen.storyboard in Resources */,
				06C7C5631F848AB3004398A3 /* Assets.xcassets in Resources */,
				06C7C5611F848AB3004398A3 /* Main.storyboard in Resources */,
				06C2E9E01F87EB8D003D0ADF /* ProfileHeaderView.xib in Resources */,
			);
			runOnlyForDeploymentPostprocessing = 0;
		};
/* End PBXResourcesBuildPhase section */

/* Begin PBXShellScriptBuildPhase section */
		53E54D7DE4A0BFD5E10E0F82 /* [CP] Embed Pods Frameworks */ = {
			isa = PBXShellScriptBuildPhase;
			buildActionMask = 2147483647;
			files = (
			);
			inputPaths = (
				"${SRCROOT}/Pods/Target Support Files/Pods-TwitterRedux/Pods-TwitterRedux-frameworks.sh",
				"${BUILT_PRODUCTS_DIR}/AFNetworking/AFNetworking.framework",
				"${BUILT_PRODUCTS_DIR}/BDBOAuth1Manager/BDBOAuth1Manager.framework",
				"${BUILT_PRODUCTS_DIR}/MBProgressHUD/MBProgressHUD.framework",
				"${BUILT_PRODUCTS_DIR}/TTTAttributedLabel/TTTAttributedLabel.framework",
			);
			name = "[CP] Embed Pods Frameworks";
			outputPaths = (
				"${TARGET_BUILD_DIR}/${FRAMEWORKS_FOLDER_PATH}/AFNetworking.framework",
				"${TARGET_BUILD_DIR}/${FRAMEWORKS_FOLDER_PATH}/BDBOAuth1Manager.framework",
				"${TARGET_BUILD_DIR}/${FRAMEWORKS_FOLDER_PATH}/MBProgressHUD.framework",
				"${TARGET_BUILD_DIR}/${FRAMEWORKS_FOLDER_PATH}/TTTAttributedLabel.framework",
			);
			runOnlyForDeploymentPostprocessing = 0;
			shellPath = /bin/sh;
			shellScript = "\"${SRCROOT}/Pods/Target Support Files/Pods-TwitterRedux/Pods-TwitterRedux-frameworks.sh\"\n";
			showEnvVarsInLog = 0;
		};
		8C50E03609AF03EACA953E95 /* [CP] Check Pods Manifest.lock */ = {
			isa = PBXShellScriptBuildPhase;
			buildActionMask = 2147483647;
			files = (
			);
			inputPaths = (
				"${PODS_PODFILE_DIR_PATH}/Podfile.lock",
				"${PODS_ROOT}/Manifest.lock",
			);
			name = "[CP] Check Pods Manifest.lock";
			outputPaths = (
				"$(DERIVED_FILE_DIR)/Pods-TwitterRedux-checkManifestLockResult.txt",
			);
			runOnlyForDeploymentPostprocessing = 0;
			shellPath = /bin/sh;
			shellScript = "diff \"${PODS_ROOT}/../Podfile.lock\" \"${PODS_ROOT}/Manifest.lock\" > /dev/null\nif [ $? != 0 ] ; then\n    # print error to STDERR\n    echo \"error: The sandbox is not in sync with the Podfile.lock. Run 'pod install' or update your CocoaPods installation.\" >&2\n    exit 1\nfi\n";
			showEnvVarsInLog = 0;
		};
		AEB7FB7E0865A3D45199766B /* [CP] Copy Pods Resources */ = {
			isa = PBXShellScriptBuildPhase;
			buildActionMask = 2147483647;
			files = (
			);
			inputPaths = (
			);
			name = "[CP] Copy Pods Resources";
			outputPaths = (
			);
			runOnlyForDeploymentPostprocessing = 0;
			shellPath = /bin/sh;
			shellScript = "\"${SRCROOT}/Pods/Target Support Files/Pods-TwitterRedux/Pods-TwitterRedux-resources.sh\"\n";
			showEnvVarsInLog = 0;
		};
/* End PBXShellScriptBuildPhase section */

/* Begin PBXSourcesBuildPhase section */
		06C7C5541F848AB3004398A3 /* Sources */ = {
			isa = PBXSourcesBuildPhase;
			buildActionMask = 2147483647;
			files = (
				06C7C58C1F853AEE004398A3 /* MeViewController.swift in Sources */,
				06C7C5991F854452004398A3 /* MenuViewController.swift in Sources */,
				06C7C5901F853B02004398A3 /* Status.swift in Sources */,
				06C7C58A1F853AEE004398A3 /* LoginViewController.swift in Sources */,
				06C2E9E21F87EC05003D0ADF /* ProfileHeaderView.swift in Sources */,
				06C7C5881F853AEE004398A3 /* ComposeViewController.swift in Sources */,
				06C7C5811F853ADB004398A3 /* InfiniteScrollActivityView.swift in Sources */,
				0180212B1F85B0D600DBA404 /* ProfileViewController.swift in Sources */,
				06C7C55E1F848AB3004398A3 /* ViewController.swift in Sources */,
				06C7C5971F854433004398A3 /* HamburgerViewController.swift in Sources */,
				06C7C5951F853B34004398A3 /* TwitterClient.swift in Sources */,
				06C7C5891F853AEE004398A3 /* DetailViewController.swift in Sources */,
				06C7C55C1F848AB3004398A3 /* AppDelegate.swift in Sources */,
				06C7C5921F853B02004398A3 /* User.swift in Sources */,
				06C7C5821F853ADB004398A3 /* TweetTableViewCell.swift in Sources */,
				06C7C58B1F853AEE004398A3 /* MainViewController.swift in Sources */,
				06C2E9E61F8A0C93003D0ADF /* AccountsViewController.swift in Sources */,
				06C7C5911F853B02004398A3 /* Tweet.swift in Sources */,
			);
			runOnlyForDeploymentPostprocessing = 0;
		};
/* End PBXSourcesBuildPhase section */

/* Begin PBXVariantGroup section */
		06C7C55F1F848AB3004398A3 /* Main.storyboard */ = {
			isa = PBXVariantGroup;
			children = (
				06C7C5601F848AB3004398A3 /* Base */,
			);
			name = Main.storyboard;
			sourceTree = "<group>";
		};
		06C7C5641F848AB3004398A3 /* LaunchScreen.storyboard */ = {
			isa = PBXVariantGroup;
			children = (
				06C7C5651F848AB3004398A3 /* Base */,
			);
			name = LaunchScreen.storyboard;
			sourceTree = "<group>";
		};
/* End PBXVariantGroup section */

/* Begin XCBuildConfiguration section */
		06C7C5681F848AB3004398A3 /* Debug */ = {
			isa = XCBuildConfiguration;
			buildSettings = {
				ALWAYS_SEARCH_USER_PATHS = NO;
				CLANG_ANALYZER_NONNULL = YES;
				CLANG_CXX_LANGUAGE_STANDARD = "gnu++0x";
				CLANG_CXX_LIBRARY = "libc++";
				CLANG_ENABLE_MODULES = YES;
				CLANG_ENABLE_OBJC_ARC = YES;
				CLANG_WARN_BOOL_CONVERSION = YES;
				CLANG_WARN_CONSTANT_CONVERSION = YES;
				CLANG_WARN_DIRECT_OBJC_ISA_USAGE = YES_ERROR;
				CLANG_WARN_DOCUMENTATION_COMMENTS = YES;
				CLANG_WARN_EMPTY_BODY = YES;
				CLANG_WARN_ENUM_CONVERSION = YES;
				CLANG_WARN_INFINITE_RECURSION = YES;
				CLANG_WARN_INT_CONVERSION = YES;
				CLANG_WARN_OBJC_ROOT_CLASS = YES_ERROR;
				CLANG_WARN_SUSPICIOUS_MOVES = YES;
				CLANG_WARN_UNREACHABLE_CODE = YES;
				CLANG_WARN__DUPLICATE_METHOD_MATCH = YES;
				"CODE_SIGN_IDENTITY[sdk=iphoneos*]" = "iPhone Developer";
				COPY_PHASE_STRIP = NO;
				DEBUG_INFORMATION_FORMAT = dwarf;
				ENABLE_STRICT_OBJC_MSGSEND = YES;
				ENABLE_TESTABILITY = YES;
				GCC_C_LANGUAGE_STANDARD = gnu99;
				GCC_DYNAMIC_NO_PIC = NO;
				GCC_NO_COMMON_BLOCKS = YES;
				GCC_OPTIMIZATION_LEVEL = 0;
				GCC_PREPROCESSOR_DEFINITIONS = (
					"DEBUG=1",
					"$(inherited)",
				);
				GCC_WARN_64_TO_32_BIT_CONVERSION = YES;
				GCC_WARN_ABOUT_RETURN_TYPE = YES_ERROR;
				GCC_WARN_UNDECLARED_SELECTOR = YES;
				GCC_WARN_UNINITIALIZED_AUTOS = YES_AGGRESSIVE;
				GCC_WARN_UNUSED_FUNCTION = YES;
				GCC_WARN_UNUSED_VARIABLE = YES;
				IPHONEOS_DEPLOYMENT_TARGET = 10.0;
				MTL_ENABLE_DEBUG_INFO = YES;
				ONLY_ACTIVE_ARCH = YES;
				SDKROOT = iphoneos;
				SWIFT_ACTIVE_COMPILATION_CONDITIONS = DEBUG;
				SWIFT_OPTIMIZATION_LEVEL = "-Onone";
			};
			name = Debug;
		};
		06C7C5691F848AB3004398A3 /* Release */ = {
			isa = XCBuildConfiguration;
			buildSettings = {
				ALWAYS_SEARCH_USER_PATHS = NO;
				CLANG_ANALYZER_NONNULL = YES;
				CLANG_CXX_LANGUAGE_STANDARD = "gnu++0x";
				CLANG_CXX_LIBRARY = "libc++";
				CLANG_ENABLE_MODULES = YES;
				CLANG_ENABLE_OBJC_ARC = YES;
				CLANG_WARN_BOOL_CONVERSION = YES;
				CLANG_WARN_CONSTANT_CONVERSION = YES;
				CLANG_WARN_DIRECT_OBJC_ISA_USAGE = YES_ERROR;
				CLANG_WARN_DOCUMENTATION_COMMENTS = YES;
				CLANG_WARN_EMPTY_BODY = YES;
				CLANG_WARN_ENUM_CONVERSION = YES;
				CLANG_WARN_INFINITE_RECURSION = YES;
				CLANG_WARN_INT_CONVERSION = YES;
				CLANG_WARN_OBJC_ROOT_CLASS = YES_ERROR;
				CLANG_WARN_SUSPICIOUS_MOVES = YES;
				CLANG_WARN_UNREACHABLE_CODE = YES;
				CLANG_WARN__DUPLICATE_METHOD_MATCH = YES;
				"CODE_SIGN_IDENTITY[sdk=iphoneos*]" = "iPhone Developer";
				COPY_PHASE_STRIP = NO;
				DEBUG_INFORMATION_FORMAT = "dwarf-with-dsym";
				ENABLE_NS_ASSERTIONS = NO;
				ENABLE_STRICT_OBJC_MSGSEND = YES;
				GCC_C_LANGUAGE_STANDARD = gnu99;
				GCC_NO_COMMON_BLOCKS = YES;
				GCC_WARN_64_TO_32_BIT_CONVERSION = YES;
				GCC_WARN_ABOUT_RETURN_TYPE = YES_ERROR;
				GCC_WARN_UNDECLARED_SELECTOR = YES;
				GCC_WARN_UNINITIALIZED_AUTOS = YES_AGGRESSIVE;
				GCC_WARN_UNUSED_FUNCTION = YES;
				GCC_WARN_UNUSED_VARIABLE = YES;
				IPHONEOS_DEPLOYMENT_TARGET = 10.0;
				MTL_ENABLE_DEBUG_INFO = NO;
				SDKROOT = iphoneos;
				SWIFT_OPTIMIZATION_LEVEL = "-Owholemodule";
				VALIDATE_PRODUCT = YES;
			};
			name = Release;
		};
		06C7C56B1F848AB3004398A3 /* Debug */ = {
			isa = XCBuildConfiguration;
			baseConfigurationReference = EF20D9E22E9654C0D5CF1F6C /* Pods-TwitterRedux.debug.xcconfig */;
			buildSettings = {
				ASSETCATALOG_COMPILER_APPICON_NAME = AppIcon;
				CODE_SIGN_ENTITLEMENTS = TwitterRedux/TwitterRedux.entitlements;
				DEVELOPMENT_TEAM = 532N9BEN6E;
				INFOPLIST_FILE = TwitterRedux/Info.plist;
				LD_RUNPATH_SEARCH_PATHS = "$(inherited) @executable_path/Frameworks";
				PRODUCT_BUNDLE_IDENTIFIER = com.kavitagaitonde.TwitterRedux;
				PRODUCT_NAME = "$(TARGET_NAME)";
				SWIFT_VERSION = 3.0;
			};
			name = Debug;
		};
		06C7C56C1F848AB3004398A3 /* Release */ = {
			isa = XCBuildConfiguration;
			baseConfigurationReference = 2C1D515D89EC5206812288CB /* Pods-TwitterRedux.release.xcconfig */;
			buildSettings = {
				ASSETCATALOG_COMPILER_APPICON_NAME = AppIcon;
				CODE_SIGN_ENTITLEMENTS = TwitterRedux/TwitterRedux.entitlements;
				DEVELOPMENT_TEAM = 532N9BEN6E;
				INFOPLIST_FILE = TwitterRedux/Info.plist;
				LD_RUNPATH_SEARCH_PATHS = "$(inherited) @executable_path/Frameworks";
				PRODUCT_BUNDLE_IDENTIFIER = com.kavitagaitonde.TwitterRedux;
				PRODUCT_NAME = "$(TARGET_NAME)";
				SWIFT_VERSION = 3.0;
			};
			name = Release;
		};
/* End XCBuildConfiguration section */

/* Begin XCConfigurationList section */
		06C7C5531F848AB3004398A3 /* Build configuration list for PBXProject "TwitterRedux" */ = {
			isa = XCConfigurationList;
			buildConfigurations = (
				06C7C5681F848AB3004398A3 /* Debug */,
				06C7C5691F848AB3004398A3 /* Release */,
			);
			defaultConfigurationIsVisible = 0;
			defaultConfigurationName = Release;
		};
		06C7C56A1F848AB3004398A3 /* Build configuration list for PBXNativeTarget "TwitterRedux" */ = {
			isa = XCConfigurationList;
			buildConfigurations = (
				06C7C56B1F848AB3004398A3 /* Debug */,
				06C7C56C1F848AB3004398A3 /* Release */,
			);
			defaultConfigurationIsVisible = 0;
			defaultConfigurationName = Release;
		};
/* End XCConfigurationList section */
	};
	rootObject = 06C7C5501F848AB3004398A3 /* Project object */;
}
